
Microsoft Visual Studio Solution File, Format Version 12.00
# Visual Studio Version 17
VisualStudioVersion = 17.3.32901.215
MinimumVisualStudioVersion = 10.0.40219.1
Project("{FAE04EC0-301F-11D3-BF4B-00C04F79EFBC}") = "BuildReportStatusApi", "BuildReportStatusApi\BuildReportStatusApi.csproj", "{28BE0F58-7E81-4034-BD0C-3AB897D029DF}"
EndProject
Global
	GlobalSection(SolutionConfigurationPlatforms) = preSolution
		Debug|Any CPU = Debug|Any CPU
		Release|Any CPU = Release|Any CPU
	EndGlobalSection
	GlobalSection(ProjectConfigurationPlatforms) = postSolution
		{28BE0F58-7E81-4034-BD0C-3AB897D029DF}.Debug|Any CPU.ActiveCfg = Debug|Any CPU
		{28BE0F58-7E81-4034-BD0C-3AB897D029DF}.Debug|Any CPU.Build.0 = Debug|Any CPU
		{28BE0F58-7E81-4034-BD0C-3AB897D029DF}.Release|Any CPU.ActiveCfg = Release|Any CPU
		{28BE0F58-7E81-4034-BD0C-3AB897D029DF}.Release|Any CPU.Build.0 = Release|Any CPU
	EndGlobalSection
	GlobalSection(SolutionProperties) = preSolution
		HideSolutionNode = FALSE
	EndGlobalSection
	GlobalSection(ExtensibilityGlobals) = postSolution
		SolutionGuid = {2F126C78-BE5B-4379-B803-43E41F6BE624}
	EndGlobalSection
EndGlobal
